
Microsoft Visual Studio Solution File, Format Version 12.00
Project("{2150E333-8FDC-42A3-9474-1A3956D46DE8}") = "Apps", "Apps", "{671A287F-DA9F-492C-9264-B77F7431865B}"
EndProject
Project("{FAE04EC0-301F-11D3-BF4B-00C04F79EFBC}") = "Apps.OrleansClientApi", "Apps\Apps.OrleansClientApi\Apps.OrleansClientApi.csproj", "{D92586BA-3D2C-489B-9F30-274764CE11A7}"
EndProject
Project("{FAE04EC0-301F-11D3-BF4B-00C04F79EFBC}") = "Apps.NonClientApi", "Apps\Apps.NonClientApi\Apps.NonClientApi.csproj", "{8D9DE8AA-2274-4798-ADFC-3D5791A3EC78}"
EndProject
Project("{FAE04EC0-301F-11D3-BF4B-00C04F79EFBC}") = "AppHost.ServiceDefaults", "AppHost.ServiceDefaults\AppHost.ServiceDefaults.csproj", "{9BD11244-DEA2-4F77-BA65-3F84D6DCD92C}"
EndProject
Project("{FAE04EC0-301F-11D3-BF4B-00C04F79EFBC}") = "AppHost", "AppHost\AppHost.csproj", "{9081A3CC-59B9-42E5-9EF1-631D50CE5A9C}"
EndProject
Project("{FAE04EC0-301F-11D3-BF4B-00C04F79EFBC}") = "Apps.Silo", "Apps\Apps.Silo\Apps.Silo.csproj", "{522F643E-74CC-4F03-9D06-7CC854A7569B}"
EndProject
Project("{2150E333-8FDC-42A3-9474-1A3956D46DE8}") = "Grains", "Grains", "{68F14430-8C22-4E33-B92F-C138090C3059}"
EndProject
Project("{FAE04EC0-301F-11D3-BF4B-00C04F79EFBC}") = "Grains.GrainImpl", "Grains\Grains.GrainImpl\Grains.GrainImpl.csproj", "{F801558F-32BB-41A4-9FBF-C95B30A46809}"
EndProject
Project("{FAE04EC0-301F-11D3-BF4B-00C04F79EFBC}") = "Grains.GrainDef", "Grains\Grains.GrainDef\Grains.GrainDef.csproj", "{4AF934BF-AFBB-430E-B113-CC7003273B50}"
EndProject
Project("{2150E333-8FDC-42A3-9474-1A3956D46DE8}") = "_SolutionFiles", "_SolutionFiles", "{78C3940D-B2DB-4772-9813-90B80F89DB06}"
	ProjectSection(SolutionItems) = preProject
		README.md = README.md
	EndProjectSection
EndProject
Global
	GlobalSection(SolutionConfigurationPlatforms) = preSolution
		Debug|Any CPU = Debug|Any CPU
		Release|Any CPU = Release|Any CPU
	EndGlobalSection
	GlobalSection(ProjectConfigurationPlatforms) = postSolution
		{D92586BA-3D2C-489B-9F30-274764CE11A7}.Debug|Any CPU.ActiveCfg = Debug|Any CPU
		{D92586BA-3D2C-489B-9F30-274764CE11A7}.Debug|Any CPU.Build.0 = Debug|Any CPU
		{D92586BA-3D2C-489B-9F30-274764CE11A7}.Release|Any CPU.ActiveCfg = Release|Any CPU
		{D92586BA-3D2C-489B-9F30-274764CE11A7}.Release|Any CPU.Build.0 = Release|Any CPU
		{8D9DE8AA-2274-4798-ADFC-3D5791A3EC78}.Debug|Any CPU.ActiveCfg = Debug|Any CPU
		{8D9DE8AA-2274-4798-ADFC-3D5791A3EC78}.Debug|Any CPU.Build.0 = Debug|Any CPU
		{8D9DE8AA-2274-4798-ADFC-3D5791A3EC78}.Release|Any CPU.ActiveCfg = Release|Any CPU
		{8D9DE8AA-2274-4798-ADFC-3D5791A3EC78}.Release|Any CPU.Build.0 = Release|Any CPU
		{9BD11244-DEA2-4F77-BA65-3F84D6DCD92C}.Debug|Any CPU.ActiveCfg = Debug|Any CPU
		{9BD11244-DEA2-4F77-BA65-3F84D6DCD92C}.Debug|Any CPU.Build.0 = Debug|Any CPU
		{9BD11244-DEA2-4F77-BA65-3F84D6DCD92C}.Release|Any CPU.ActiveCfg = Release|Any CPU
		{9BD11244-DEA2-4F77-BA65-3F84D6DCD92C}.Release|Any CPU.Build.0 = Release|Any CPU
		{9081A3CC-59B9-42E5-9EF1-631D50CE5A9C}.Debug|Any CPU.ActiveCfg = Debug|Any CPU
		{9081A3CC-59B9-42E5-9EF1-631D50CE5A9C}.Debug|Any CPU.Build.0 = Debug|Any CPU
		{9081A3CC-59B9-42E5-9EF1-631D50CE5A9C}.Release|Any CPU.ActiveCfg = Release|Any CPU
		{9081A3CC-59B9-42E5-9EF1-631D50CE5A9C}.Release|Any CPU.Build.0 = Release|Any CPU
		{522F643E-74CC-4F03-9D06-7CC854A7569B}.Debug|Any CPU.ActiveCfg = Debug|Any CPU
		{522F643E-74CC-4F03-9D06-7CC854A7569B}.Debug|Any CPU.Build.0 = Debug|Any CPU
		{522F643E-74CC-4F03-9D06-7CC854A7569B}.Release|Any CPU.ActiveCfg = Release|Any CPU
		{522F643E-74CC-4F03-9D06-7CC854A7569B}.Release|Any CPU.Build.0 = Release|Any CPU
		{F801558F-32BB-41A4-9FBF-C95B30A46809}.Debug|Any CPU.ActiveCfg = Debug|Any CPU
		{F801558F-32BB-41A4-9FBF-C95B30A46809}.Debug|Any CPU.Build.0 = Debug|Any CPU
		{F801558F-32BB-41A4-9FBF-C95B30A46809}.Release|Any CPU.ActiveCfg = Release|Any CPU
		{F801558F-32BB-41A4-9FBF-C95B30A46809}.Release|Any CPU.Build.0 = Release|Any CPU
		{4AF934BF-AFBB-430E-B113-CC7003273B50}.Debug|Any CPU.ActiveCfg = Debug|Any CPU
		{4AF934BF-AFBB-430E-B113-CC7003273B50}.Debug|Any CPU.Build.0 = Debug|Any CPU
		{4AF934BF-AFBB-430E-B113-CC7003273B50}.Release|Any CPU.ActiveCfg = Release|Any CPU
		{4AF934BF-AFBB-430E-B113-CC7003273B50}.Release|Any CPU.Build.0 = Release|Any CPU
	EndGlobalSection
	GlobalSection(NestedProjects) = preSolution
		{D92586BA-3D2C-489B-9F30-274764CE11A7} = {671A287F-DA9F-492C-9264-B77F7431865B}
		{8D9DE8AA-2274-4798-ADFC-3D5791A3EC78} = {671A287F-DA9F-492C-9264-B77F7431865B}
		{522F643E-74CC-4F03-9D06-7CC854A7569B} = {671A287F-DA9F-492C-9264-B77F7431865B}
		{F801558F-32BB-41A4-9FBF-C95B30A46809} = {68F14430-8C22-4E33-B92F-C138090C3059}
		{4AF934BF-AFBB-430E-B113-CC7003273B50} = {68F14430-8C22-4E33-B92F-C138090C3059}
	EndGlobalSection
EndGlobal
